
Microsoft Visual Studio Solution File, Format Version 12.00
# Visual Studio Version 17
VisualStudioVersion = 17.9.34728.123
MinimumVisualStudioVersion = 10.0.40219.1
Project("{FAE04EC0-301F-11D3-BF4B-00C04F79EFBC}") = "TestSharp", "TestSharp\TestSharp.csproj", "{A36D353D-729E-45DC-8880-45AE72BFE12D}"
EndProject
Project("{2150E333-8FDC-42A3-9474-1A3956D46DE8}") = ".nuget", ".nuget", "{9D8DD4AE-0456-4A85-80CD-E4D647468F48}"
	ProjectSection(SolutionItems) = preProject
		.nuget\NuGet.Config = .nuget\NuGet.Config
		.nuget\NuGet.exe = .nuget\NuGet.exe
		.nuget\NuGet.targets = .nuget\NuGet.targets
	EndProjectSection
EndProject
Global
	GlobalSection(SolutionConfigurationPlatforms) = preSolution
		Debug|Any CPU = Debug|Any CPU
		Debug|x64 = Debug|x64
		Debug|x86 = Debug|x86
		OSX|Any CPU = OSX|Any CPU
		OSX|x64 = OSX|x64
		OSX|x86 = OSX|x86
		WIN|Any CPU = WIN|Any CPU
		WIN|x64 = WIN|x64
		WIN|x86 = WIN|x86
	EndGlobalSection
	GlobalSection(ProjectConfigurationPlatforms) = postSolution
		{A36D353D-729E-45DC-8880-45AE72BFE12D}.Debug|Any CPU.ActiveCfg = Debug|Any CPU
		{A36D353D-729E-45DC-8880-45AE72BFE12D}.Debug|Any CPU.Build.0 = Debug|Any CPU
		{A36D353D-729E-45DC-8880-45AE72BFE12D}.Debug|x64.ActiveCfg = Debug|x64
		{A36D353D-729E-45DC-8880-45AE72BFE12D}.Debug|x64.Build.0 = Debug|x64
		{A36D353D-729E-45DC-8880-45AE72BFE12D}.Debug|x86.ActiveCfg = Release|x64
		{A36D353D-729E-45DC-8880-45AE72BFE12D}.Debug|x86.Build.0 = Release|x64
		{A36D353D-729E-45DC-8880-45AE72BFE12D}.OSX|Any CPU.ActiveCfg = OSX|Any CPU
		{A36D353D-729E-45DC-8880-45AE72BFE12D}.OSX|Any CPU.Build.0 = OSX|Any CPU
		{A36D353D-729E-45DC-8880-45AE72BFE12D}.OSX|x64.ActiveCfg = OSX|Any CPU
		{A36D353D-729E-45DC-8880-45AE72BFE12D}.OSX|x64.Build.0 = OSX|Any CPU
		{A36D353D-729E-45DC-8880-45AE72BFE12D}.OSX|x86.ActiveCfg = OSX|Any CPU
		{A36D353D-729E-45DC-8880-45AE72BFE12D}.OSX|x86.Build.0 = OSX|Any CPU
		{A36D353D-729E-45DC-8880-45AE72BFE12D}.WIN|Any CPU.ActiveCfg = WIN|Any CPU
		{A36D353D-729E-45DC-8880-45AE72BFE12D}.WIN|Any CPU.Build.0 = WIN|Any CPU
		{A36D353D-729E-45DC-8880-45AE72BFE12D}.WIN|x64.ActiveCfg = WIN|Any CPU
		{A36D353D-729E-45DC-8880-45AE72BFE12D}.WIN|x64.Build.0 = WIN|Any CPU
		{A36D353D-729E-45DC-8880-45AE72BFE12D}.WIN|x86.ActiveCfg = WIN|Any CPU
		{A36D353D-729E-45DC-8880-45AE72BFE12D}.WIN|x86.Build.0 = WIN|Any CPU
	EndGlobalSection
	GlobalSection(SolutionProperties) = preSolution
		HideSolutionNode = FALSE
	EndGlobalSection
	GlobalSection(ExtensibilityGlobals) = postSolution
		SolutionGuid = {6731A220-097E-40E4-AD4C-C65331B09E4D}
	EndGlobalSection
	GlobalSection(MonoDevelopProperties) = preSolution
		StartupItem = TestSharp\TestSharp.csproj
	EndGlobalSection
EndGlobal
